{
	"name": "csv2qif-ts",
	"lockfileVersion": 3,
	"requires": true,
	"packages": {
		"": {
			"dependencies": {
				"csv-parser": "^3.0.0",
				"fs": "0.0.1-security",
				"moment": "^2.29.4",
				"qif-ts": "^1.0.0"
			},
			"devDependencies": {
				"@types/node": "^20.4.1"
			}
		},
		"node_modules/@types/node": {
			"version": "20.17.32",
			"resolved": "https://registry.npmjs.org/@types/node/-/node-20.17.32.tgz",
			"integrity": "sha512-zeMXFn8zQ+UkjK4ws0RiOC9EWByyW1CcVmLe+2rQocXRsGEDxUCwPEIVgpsGcLHS/P8JkT0oa3839BRABS0oPw==",
			"dev": true,
			"license": "MIT",
			"dependencies": {
				"undici-types": "~6.19.2"
			}
		},
		"node_modules/csv-parser": {
			"version": "3.2.0",
			"resolved": "https://registry.npmjs.org/csv-parser/-/csv-parser-3.2.0.tgz",
			"integrity": "sha512-fgKbp+AJbn1h2dcAHKIdKNSSjfp43BZZykXsCjzALjKy80VXQNHPFJ6T9Afwdzoj24aMkq8GwDS7KGcDPpejrA==",
			"license": "MIT",
			"bin": {
				"csv-parser": "bin/csv-parser"
			},
			"engines": {
				"node": ">= 10"
			}
		},
		"node_modules/fs": {
			"version": "0.0.1-security",
			"resolved": "https://registry.npmjs.org/fs/-/fs-0.0.1-security.tgz",
			"integrity": "sha512-3XY9e1pP0CVEUCdj5BmfIZxRBTSDycnbqhIOGec9QYtmVH2fbLpj86CFWkrNOkt/Fvty4KZG5lTglL9j/gJ87w==",
			"license": "ISC"
		},
		"node_modules/moment": {
			"version": "2.30.1",
			"resolved": "https://registry.npmjs.org/moment/-/moment-2.30.1.tgz",
			"integrity": "sha512-uEmtNhbDOrWPFS+hdjFCBfy9f2YoyzRpwcl+DqpC6taX21FzsTLQVbMV/W7PzNSX6x/bhC1zA3c2UQ5NzH6how==",
			"license": "MIT",
			"engines": {
				"node": "*"
			}
		},
		"node_modules/qif-ts": {
			"version": "1.0.0",
			"resolved": "https://registry.npmjs.org/qif-ts/-/qif-ts-1.0.0.tgz",
			"integrity": "sha512-j9tAuTHkAMbeglb041+yALbbvmoDXZHdA7KUlyeLD+ZCj4gBJIm3C6+uyaX7D9nnIuIHfWs/Qb43DsfahHGKkg==",
			"license": "ISC"
		},
		"node_modules/undici-types": {
			"version": "6.19.8",
			"resolved": "https://registry.npmjs.org/undici-types/-/undici-types-6.19.8.tgz",
			"integrity": "sha512-ve2KP6f/JnbPBFyobGHuerC9g1FYGn/F8n1LWTwNxCEzd6IfqTwUQcNXgEtmmQ6DlRrC1hrSrBnCZPokRrDHjw==",
			"dev": true,
			"license": "MIT"
		}
	}
}
